
Microsoft Visual Studio Solution File, Format Version 12.00
Project("{2150E333-8FDC-42A3-9474-1A3956D46DE8}") = "Adapters", "Adapters", "{E42BD4A8-291D-4B13-8AEF-FB7CB1D4B0B0}"
EndProject
Project("{2150E333-8FDC-42A3-9474-1A3956D46DE8}") = "Core", "Core", "{85CA7C10-9890-4314-B6AD-B615E254B3A2}"
EndProject
Project("{2150E333-8FDC-42A3-9474-1A3956D46DE8}") = "Drivers", "Drivers", "{02F9936F-8FA5-4FE2-9B20-45A70FE90E7B}"
EndProject
Project("{FAE04EC0-301F-11D3-BF4B-00C04F79EFBC}") = "Adapters", "src\Adapters\Adapters.csproj", "{CF442BEC-B0D6-419C-A4B5-97924310CCE1}"
EndProject
Project("{FAE04EC0-301F-11D3-BF4B-00C04F79EFBC}") = "Application", "src\Core\Application\Application.csproj", "{313EC605-DA7F-479D-B9BD-706EC75A56F7}"
EndProject
Project("{FAE04EC0-301F-11D3-BF4B-00C04F79EFBC}") = "Entities", "src\Core\Entities\Entities.csproj", "{A99C085D-1FA5-4B68-85B1-C0437027DD2E}"
EndProject
Project("{FAE04EC0-301F-11D3-BF4B-00C04F79EFBC}") = "External", "src\Drivers\External\External.csproj", "{112416C4-8F16-4BE8-A489-643DEE9F554E}"
EndProject
Project("{FAE04EC0-301F-11D3-BF4B-00C04F79EFBC}") = "API", "src\Drivers\API\API.csproj", "{9FDB456D-3788-472D-8E30-2BABDA4351E1}"
EndProject
Global
	GlobalSection(SolutionConfigurationPlatforms) = preSolution
		Debug|Any CPU = Debug|Any CPU
		Release|Any CPU = Release|Any CPU
	EndGlobalSection
	GlobalSection(NestedProjects) = preSolution
		{CF442BEC-B0D6-419C-A4B5-97924310CCE1} = {E42BD4A8-291D-4B13-8AEF-FB7CB1D4B0B0}
		{313EC605-DA7F-479D-B9BD-706EC75A56F7} = {85CA7C10-9890-4314-B6AD-B615E254B3A2}
		{A99C085D-1FA5-4B68-85B1-C0437027DD2E} = {85CA7C10-9890-4314-B6AD-B615E254B3A2}
		{112416C4-8F16-4BE8-A489-643DEE9F554E} = {02F9936F-8FA5-4FE2-9B20-45A70FE90E7B}
		{9FDB456D-3788-472D-8E30-2BABDA4351E1} = {02F9936F-8FA5-4FE2-9B20-45A70FE90E7B}
	EndGlobalSection
	GlobalSection(ProjectConfigurationPlatforms) = postSolution
		{CF442BEC-B0D6-419C-A4B5-97924310CCE1}.Debug|Any CPU.ActiveCfg = Debug|Any CPU
		{CF442BEC-B0D6-419C-A4B5-97924310CCE1}.Debug|Any CPU.Build.0 = Debug|Any CPU
		{CF442BEC-B0D6-419C-A4B5-97924310CCE1}.Release|Any CPU.ActiveCfg = Release|Any CPU
		{CF442BEC-B0D6-419C-A4B5-97924310CCE1}.Release|Any CPU.Build.0 = Release|Any CPU
		{313EC605-DA7F-479D-B9BD-706EC75A56F7}.Debug|Any CPU.ActiveCfg = Debug|Any CPU
		{313EC605-DA7F-479D-B9BD-706EC75A56F7}.Debug|Any CPU.Build.0 = Debug|Any CPU
		{313EC605-DA7F-479D-B9BD-706EC75A56F7}.Release|Any CPU.ActiveCfg = Release|Any CPU
		{313EC605-DA7F-479D-B9BD-706EC75A56F7}.Release|Any CPU.Build.0 = Release|Any CPU
		{A99C085D-1FA5-4B68-85B1-C0437027DD2E}.Debug|Any CPU.ActiveCfg = Debug|Any CPU
		{A99C085D-1FA5-4B68-85B1-C0437027DD2E}.Debug|Any CPU.Build.0 = Debug|Any CPU
		{A99C085D-1FA5-4B68-85B1-C0437027DD2E}.Release|Any CPU.ActiveCfg = Release|Any CPU
		{A99C085D-1FA5-4B68-85B1-C0437027DD2E}.Release|Any CPU.Build.0 = Release|Any CPU
		{112416C4-8F16-4BE8-A489-643DEE9F554E}.Debug|Any CPU.ActiveCfg = Debug|Any CPU
		{112416C4-8F16-4BE8-A489-643DEE9F554E}.Debug|Any CPU.Build.0 = Debug|Any CPU
		{112416C4-8F16-4BE8-A489-643DEE9F554E}.Release|Any CPU.ActiveCfg = Release|Any CPU
		{112416C4-8F16-4BE8-A489-643DEE9F554E}.Release|Any CPU.Build.0 = Release|Any CPU
		{9FDB456D-3788-472D-8E30-2BABDA4351E1}.Debug|Any CPU.ActiveCfg = Debug|Any CPU
		{9FDB456D-3788-472D-8E30-2BABDA4351E1}.Debug|Any CPU.Build.0 = Debug|Any CPU
		{9FDB456D-3788-472D-8E30-2BABDA4351E1}.Release|Any CPU.ActiveCfg = Release|Any CPU
		{9FDB456D-3788-472D-8E30-2BABDA4351E1}.Release|Any CPU.Build.0 = Release|Any CPU
	EndGlobalSection
EndGlobal
